
Microsoft Visual Studio Solution File, Format Version 11.00
# Visual Studio 2010
Project("{FAE04EC0-301F-11D3-BF4B-00C04F79EFBC}") = "WebsiteTests", "WebsiteTests.csproj", "{1BBC323A-92FD-49DC-BA2A-5E7C76289F94}"
EndProject
Global
	GlobalSection(SolutionConfigurationPlatforms) = preSolution
		Debug|Any CPU = Debug|Any CPU
		Release|Any CPU = Release|Any CPU
	EndGlobalSection
	GlobalSection(ProjectConfigurationPlatforms) = postSolution
		{1BBC323A-92FD-49DC-BA2A-5E7C76289F94}.Debug|Any CPU.ActiveCfg = Debug|Any CPU
		{1BBC323A-92FD-49DC-BA2A-5E7C76289F94}.Debug|Any CPU.Build.0 = Debug|Any CPU
		{1BBC323A-92FD-49DC-BA2A-5E7C76289F94}.Release|Any CPU.ActiveCfg = Release|Any CPU
		{1BBC323A-92FD-49DC-BA2A-5E7C76289F94}.Release|Any CPU.Build.0 = Release|Any CPU
	EndGlobalSection
	GlobalSection(SolutionProperties) = preSolution
		HideSolutionNode = FALSE
	EndGlobalSection
EndGlobal
