
Microsoft Visual Studio Solution File, Format Version 11.00
# Visual Studio 2010
Project("{FAE04EC0-301F-11D3-BF4B-00C04F79EFBC}") = "SportsModels", "SportsModels.csproj", "{7903946F-710B-444D-A57E-4E2052E615CA}"
EndProject
Global
	GlobalSection(SolutionConfigurationPlatforms) = preSolution
		Debug|Any CPU = Debug|Any CPU
		Release|Any CPU = Release|Any CPU
	EndGlobalSection
	GlobalSection(ProjectConfigurationPlatforms) = postSolution
		{7903946F-710B-444D-A57E-4E2052E615CA}.Debug|Any CPU.ActiveCfg = Debug|Any CPU
		{7903946F-710B-444D-A57E-4E2052E615CA}.Debug|Any CPU.Build.0 = Debug|Any CPU
		{7903946F-710B-444D-A57E-4E2052E615CA}.Release|Any CPU.ActiveCfg = Release|Any CPU
		{7903946F-710B-444D-A57E-4E2052E615CA}.Release|Any CPU.Build.0 = Release|Any CPU
	EndGlobalSection
	GlobalSection(SolutionProperties) = preSolution
		HideSolutionNode = FALSE
	EndGlobalSection
EndGlobal
